
Microsoft Visual Studio Solution File, Format Version 12.00
# Visual Studio Version 17
VisualStudioVersion = 17.0.32014.148
MinimumVisualStudioVersion = 10.0.40219.1
Project("{FAE04EC0-301F-11D3-BF4B-00C04F79EFBC}") = "pag62-n11", "pag62-n11\pag62-n11.csproj", "{2FF0303D-427F-428A-8C3E-572239D25690}"
EndProject
Global
	GlobalSection(SolutionConfigurationPlatforms) = preSolution
		Debug|Any CPU = Debug|Any CPU
		Release|Any CPU = Release|Any CPU
	EndGlobalSection
	GlobalSection(ProjectConfigurationPlatforms) = postSolution
		{2FF0303D-427F-428A-8C3E-572239D25690}.Debug|Any CPU.ActiveCfg = Debug|Any CPU
		{2FF0303D-427F-428A-8C3E-572239D25690}.Debug|Any CPU.Build.0 = Debug|Any CPU
		{2FF0303D-427F-428A-8C3E-572239D25690}.Release|Any CPU.ActiveCfg = Release|Any CPU
		{2FF0303D-427F-428A-8C3E-572239D25690}.Release|Any CPU.Build.0 = Release|Any CPU
	EndGlobalSection
	GlobalSection(SolutionProperties) = preSolution
		HideSolutionNode = FALSE
	EndGlobalSection
	GlobalSection(ExtensibilityGlobals) = postSolution
		SolutionGuid = {B67DB721-906F-4161-AAF6-81172692694E}
	EndGlobalSection
EndGlobal
